
Microsoft Visual Studio Solution File, Format Version 12.00
# Visual Studio Version 17
VisualStudioVersion = 17.0.31903.59
MinimumVisualStudioVersion = 10.0.40219.1
Project("{FAE04EC0-301F-11D3-BF4B-00C04F79EFBC}") = "ClassVsStruct", "ClassVsStruct\ClassVsStruct.csproj", "{5A677282-9E28-4E1F-A4DE-5537D3008E75}"
EndProject
Project("{FAE04EC0-301F-11D3-BF4B-00C04F79EFBC}") = "StructWithRef", "StructWithRef\StructWithRef.csproj", "{0552AAB9-4705-4D7B-BB8D-93BE596AF5D3}"
EndProject
Project("{FAE04EC0-301F-11D3-BF4B-00C04F79EFBC}") = "MiniGame", "MiniGame\MiniGame.csproj", "{8D24EB75-8C5D-4835-8FA9-960D8058783D}"
EndProject
Global
	GlobalSection(SolutionConfigurationPlatforms) = preSolution
		Debug|Any CPU = Debug|Any CPU
		Release|Any CPU = Release|Any CPU
	EndGlobalSection
	GlobalSection(SolutionProperties) = preSolution
		HideSolutionNode = FALSE
	EndGlobalSection
	GlobalSection(ProjectConfigurationPlatforms) = postSolution
		{5A677282-9E28-4E1F-A4DE-5537D3008E75}.Debug|Any CPU.ActiveCfg = Debug|Any CPU
		{5A677282-9E28-4E1F-A4DE-5537D3008E75}.Debug|Any CPU.Build.0 = Debug|Any CPU
		{5A677282-9E28-4E1F-A4DE-5537D3008E75}.Release|Any CPU.ActiveCfg = Release|Any CPU
		{5A677282-9E28-4E1F-A4DE-5537D3008E75}.Release|Any CPU.Build.0 = Release|Any CPU
		{0552AAB9-4705-4D7B-BB8D-93BE596AF5D3}.Debug|Any CPU.ActiveCfg = Debug|Any CPU
		{0552AAB9-4705-4D7B-BB8D-93BE596AF5D3}.Debug|Any CPU.Build.0 = Debug|Any CPU
		{0552AAB9-4705-4D7B-BB8D-93BE596AF5D3}.Release|Any CPU.ActiveCfg = Release|Any CPU
		{0552AAB9-4705-4D7B-BB8D-93BE596AF5D3}.Release|Any CPU.Build.0 = Release|Any CPU
		{8D24EB75-8C5D-4835-8FA9-960D8058783D}.Debug|Any CPU.ActiveCfg = Debug|Any CPU
		{8D24EB75-8C5D-4835-8FA9-960D8058783D}.Debug|Any CPU.Build.0 = Debug|Any CPU
		{8D24EB75-8C5D-4835-8FA9-960D8058783D}.Release|Any CPU.ActiveCfg = Release|Any CPU
		{8D24EB75-8C5D-4835-8FA9-960D8058783D}.Release|Any CPU.Build.0 = Release|Any CPU
	EndGlobalSection
EndGlobal
